
Microsoft Visual Studio Solution File, Format Version 12.00
# Visual Studio Version 17
VisualStudioVersion = 17.3.32929.385
MinimumVisualStudioVersion = 10.0.40219.1
Project("{FAE04EC0-301F-11D3-BF4B-00C04F79EFBC}") = "Semprg_HumanDontBeMad2", "Semprg_HumanDontBeMad2\Semprg_HumanDontBeMad2.csproj", "{7CAD025E-E2DF-4763-A587-43978C8E3BB6}"
EndProject
Global
	GlobalSection(SolutionConfigurationPlatforms) = preSolution
		Debug|Any CPU = Debug|Any CPU
		Release|Any CPU = Release|Any CPU
	EndGlobalSection
	GlobalSection(ProjectConfigurationPlatforms) = postSolution
		{7CAD025E-E2DF-4763-A587-43978C8E3BB6}.Debug|Any CPU.ActiveCfg = Debug|Any CPU
		{7CAD025E-E2DF-4763-A587-43978C8E3BB6}.Debug|Any CPU.Build.0 = Debug|Any CPU
		{7CAD025E-E2DF-4763-A587-43978C8E3BB6}.Release|Any CPU.ActiveCfg = Release|Any CPU
		{7CAD025E-E2DF-4763-A587-43978C8E3BB6}.Release|Any CPU.Build.0 = Release|Any CPU
	EndGlobalSection
	GlobalSection(SolutionProperties) = preSolution
		HideSolutionNode = FALSE
	EndGlobalSection
	GlobalSection(ExtensibilityGlobals) = postSolution
		SolutionGuid = {FA8890D1-2438-4462-B184-B9E5179532A1}
	EndGlobalSection
EndGlobal
